
Microsoft Visual Studio Solution File, Format Version 12.00
# Visual Studio Version 16
VisualStudioVersion = 16.0.29324.140
MinimumVisualStudioVersion = 10.0.40219.1
Project("{FAE04EC0-301F-11D3-BF4B-00C04F79EFBC}") = "OnePieceWeb.Data", "OnePieceWeb\OnePieceWeb.Data.csproj", "{15A3B8A0-5E53-4D41-B8AA-5F99FBAA4789}"
EndProject
Project("{FAE04EC0-301F-11D3-BF4B-00C04F79EFBC}") = "OnePiece.Domain", "OnePiece.Domain\OnePiece.Domain.csproj", "{50873466-5864-40B6-B4AC-F307FCC1A44F}"
EndProject
Project("{FAE04EC0-301F-11D3-BF4B-00C04F79EFBC}") = "WebApplication3", "WebApplication3\WebApplication3.csproj", "{AAF8123D-568B-4EC9-BA10-A0A22145582F}"
EndProject
Global
	GlobalSection(SolutionConfigurationPlatforms) = preSolution
		Debug|Any CPU = Debug|Any CPU
		Release|Any CPU = Release|Any CPU
	EndGlobalSection
	GlobalSection(ProjectConfigurationPlatforms) = postSolution
		{15A3B8A0-5E53-4D41-B8AA-5F99FBAA4789}.Debug|Any CPU.ActiveCfg = Debug|Any CPU
		{15A3B8A0-5E53-4D41-B8AA-5F99FBAA4789}.Debug|Any CPU.Build.0 = Debug|Any CPU
		{15A3B8A0-5E53-4D41-B8AA-5F99FBAA4789}.Release|Any CPU.ActiveCfg = Release|Any CPU
		{15A3B8A0-5E53-4D41-B8AA-5F99FBAA4789}.Release|Any CPU.Build.0 = Release|Any CPU
		{50873466-5864-40B6-B4AC-F307FCC1A44F}.Debug|Any CPU.ActiveCfg = Debug|Any CPU
		{50873466-5864-40B6-B4AC-F307FCC1A44F}.Debug|Any CPU.Build.0 = Debug|Any CPU
		{50873466-5864-40B6-B4AC-F307FCC1A44F}.Release|Any CPU.ActiveCfg = Release|Any CPU
		{50873466-5864-40B6-B4AC-F307FCC1A44F}.Release|Any CPU.Build.0 = Release|Any CPU
		{AAF8123D-568B-4EC9-BA10-A0A22145582F}.Debug|Any CPU.ActiveCfg = Debug|Any CPU
		{AAF8123D-568B-4EC9-BA10-A0A22145582F}.Debug|Any CPU.Build.0 = Debug|Any CPU
		{AAF8123D-568B-4EC9-BA10-A0A22145582F}.Release|Any CPU.ActiveCfg = Release|Any CPU
		{AAF8123D-568B-4EC9-BA10-A0A22145582F}.Release|Any CPU.Build.0 = Release|Any CPU
	EndGlobalSection
	GlobalSection(SolutionProperties) = preSolution
		HideSolutionNode = FALSE
	EndGlobalSection
	GlobalSection(ExtensibilityGlobals) = postSolution
		SolutionGuid = {397DE152-9EC4-48AA-989B-31D92FD0ED6D}
	EndGlobalSection
EndGlobal
