
Microsoft Visual Studio Solution File, Format Version 12.00
# Visual Studio Version 16
VisualStudioVersion = 16.0.29324.140
MinimumVisualStudioVersion = 10.0.40219.1
Project("{9A19103F-16F7-4668-BE54-9A1E7A4F7556}") = "BoDeTracNghiemDemo", "BoDeTracNghiemDemo\BoDeTracNghiemDemo.csproj", "{6675BF4B-67B3-46DF-83B0-6CB0CDFC30BC}"
EndProject
Project("{FAE04EC0-301F-11D3-BF4B-00C04F79EFBC}") = "ConsoleApp1", "ConsoleApp1\ConsoleApp1.csproj", "{EF746ADC-A346-4DA2-AEFE-20E19D14CE99}"
EndProject
Global
	GlobalSection(SolutionConfigurationPlatforms) = preSolution
		Debug|Any CPU = Debug|Any CPU
		Release|Any CPU = Release|Any CPU
	EndGlobalSection
	GlobalSection(ProjectConfigurationPlatforms) = postSolution
		{6675BF4B-67B3-46DF-83B0-6CB0CDFC30BC}.Debug|Any CPU.ActiveCfg = Debug|Any CPU
		{6675BF4B-67B3-46DF-83B0-6CB0CDFC30BC}.Debug|Any CPU.Build.0 = Debug|Any CPU
		{6675BF4B-67B3-46DF-83B0-6CB0CDFC30BC}.Release|Any CPU.ActiveCfg = Release|Any CPU
		{6675BF4B-67B3-46DF-83B0-6CB0CDFC30BC}.Release|Any CPU.Build.0 = Release|Any CPU
		{EF746ADC-A346-4DA2-AEFE-20E19D14CE99}.Debug|Any CPU.ActiveCfg = Debug|Any CPU
		{EF746ADC-A346-4DA2-AEFE-20E19D14CE99}.Debug|Any CPU.Build.0 = Debug|Any CPU
		{EF746ADC-A346-4DA2-AEFE-20E19D14CE99}.Release|Any CPU.ActiveCfg = Release|Any CPU
		{EF746ADC-A346-4DA2-AEFE-20E19D14CE99}.Release|Any CPU.Build.0 = Release|Any CPU
	EndGlobalSection
	GlobalSection(SolutionProperties) = preSolution
		HideSolutionNode = FALSE
	EndGlobalSection
	GlobalSection(ExtensibilityGlobals) = postSolution
		SolutionGuid = {B31DCF5C-55E7-41E2-AE45-B3DAC5876F3B}
	EndGlobalSection
EndGlobal
