
Microsoft Visual Studio Solution File, Format Version 12.00
# Visual Studio Version 16
VisualStudioVersion = 16.0.29215.179
MinimumVisualStudioVersion = 10.0.40219.1
Project("{9A19103F-16F7-4668-BE54-9A1E7A4F7556}") = "Practice1", "ConsoleApp1\Practice1.csproj", "{9ACAA8AB-8A44-43C3-926A-50FABF095204}"
EndProject
Project("{9A19103F-16F7-4668-BE54-9A1E7A4F7556}") = "practice2_1", "practice2\practice2_1.csproj", "{97F59E55-4365-4684-955B-1741E66BC8AB}"
EndProject
Project("{9A19103F-16F7-4668-BE54-9A1E7A4F7556}") = "practice2_2", "practice2_2\practice2_2.csproj", "{2D400677-27E4-4CC7-AE16-B08350B1CE92}"
EndProject
Project("{9A19103F-16F7-4668-BE54-9A1E7A4F7556}") = "practice3_1", "practice3\practice3_1.csproj", "{34E0FD9D-8487-4517-BB61-271F30F1599D}"
EndProject
Project("{9A19103F-16F7-4668-BE54-9A1E7A4F7556}") = "practice3_2", "practice3_2\practice3_2.csproj", "{3E1498E8-946C-4AE0-BF7F-C3E1D0BEBEB4}"
EndProject
Project("{9A19103F-16F7-4668-BE54-9A1E7A4F7556}") = "FileIO", "FileIO\FileIO.csproj", "{023DEED7-7FDB-4FAA-BAF1-C758297FFC89}"
EndProject
Project("{9A19103F-16F7-4668-BE54-9A1E7A4F7556}") = "ExerciseFileIO", "ExerciseFileIO\ExerciseFileIO.csproj", "{CD57A131-65B9-4B73-9206-65AFB6A42C7D}"
EndProject
Project("{9A19103F-16F7-4668-BE54-9A1E7A4F7556}") = "Exercise4_1", "Exercise4_1\Exercise4_1.csproj", "{9C53CD85-0749-40A8-BD52-2EDA06394F45}"
EndProject
Project("{9A19103F-16F7-4668-BE54-9A1E7A4F7556}") = "Exercise4_2", "Exercise4_2\Exercise4_2.csproj", "{D9028916-EBF0-47D3-8FF2-C14C8A9DE7E4}"
EndProject
Project("{9A19103F-16F7-4668-BE54-9A1E7A4F7556}") = "Pokemon", "Pokemon\Pokemon.csproj", "{527BA974-F577-43CF-9B5C-FF43FBA5EEAB}"
EndProject
Project("{9A19103F-16F7-4668-BE54-9A1E7A4F7556}") = "Exercise5_1", "Exercise5_1\Exercise5_1.csproj", "{107A8275-759B-44BF-B2D3-FEA4D073D489}"
EndProject
Project("{9A19103F-16F7-4668-BE54-9A1E7A4F7556}") = "Exercise5_2", "Exercise5_2\Exercise5_2.csproj", "{9077E6D6-CB4F-4D32-B3C8-901AAFDD70C7}"
EndProject
Project("{9A19103F-16F7-4668-BE54-9A1E7A4F7556}") = "ExerciseArray", "ExerciseArray\ExerciseArray.csproj", "{5AD8317D-11A0-4D7F-94F1-09862A1F4C5D}"
EndProject
Project("{9A19103F-16F7-4668-BE54-9A1E7A4F7556}") = "Exercise6_1", "Exercise6_1\Exercise6_1.csproj", "{A5FB0E61-25DD-4875-8185-A16ADEC95F49}"
EndProject
Project("{9A19103F-16F7-4668-BE54-9A1E7A4F7556}") = "Practice7_1", "Practice7_1\Practice7_1.csproj", "{A01C345F-AE6E-4448-806F-96868CA4DEA3}"
EndProject
Project("{FAE04EC0-301F-11D3-BF4B-00C04F79EFBC}") = "TryCatch", "Library\TryCatch.csproj", "{BD3DF8B9-6F80-4B92-B6DC-3C7D960D7B7B}"
EndProject
Global
	GlobalSection(SolutionConfigurationPlatforms) = preSolution
		Debug|Any CPU = Debug|Any CPU
		Release|Any CPU = Release|Any CPU
	EndGlobalSection
	GlobalSection(ProjectConfigurationPlatforms) = postSolution
		{9ACAA8AB-8A44-43C3-926A-50FABF095204}.Debug|Any CPU.ActiveCfg = Debug|Any CPU
		{9ACAA8AB-8A44-43C3-926A-50FABF095204}.Debug|Any CPU.Build.0 = Debug|Any CPU
		{9ACAA8AB-8A44-43C3-926A-50FABF095204}.Release|Any CPU.ActiveCfg = Release|Any CPU
		{9ACAA8AB-8A44-43C3-926A-50FABF095204}.Release|Any CPU.Build.0 = Release|Any CPU
		{97F59E55-4365-4684-955B-1741E66BC8AB}.Debug|Any CPU.ActiveCfg = Debug|Any CPU
		{97F59E55-4365-4684-955B-1741E66BC8AB}.Debug|Any CPU.Build.0 = Debug|Any CPU
		{97F59E55-4365-4684-955B-1741E66BC8AB}.Release|Any CPU.ActiveCfg = Release|Any CPU
		{97F59E55-4365-4684-955B-1741E66BC8AB}.Release|Any CPU.Build.0 = Release|Any CPU
		{2D400677-27E4-4CC7-AE16-B08350B1CE92}.Debug|Any CPU.ActiveCfg = Debug|Any CPU
		{2D400677-27E4-4CC7-AE16-B08350B1CE92}.Debug|Any CPU.Build.0 = Debug|Any CPU
		{2D400677-27E4-4CC7-AE16-B08350B1CE92}.Release|Any CPU.ActiveCfg = Release|Any CPU
		{2D400677-27E4-4CC7-AE16-B08350B1CE92}.Release|Any CPU.Build.0 = Release|Any CPU
		{34E0FD9D-8487-4517-BB61-271F30F1599D}.Debug|Any CPU.ActiveCfg = Debug|Any CPU
		{34E0FD9D-8487-4517-BB61-271F30F1599D}.Debug|Any CPU.Build.0 = Debug|Any CPU
		{34E0FD9D-8487-4517-BB61-271F30F1599D}.Release|Any CPU.ActiveCfg = Release|Any CPU
		{34E0FD9D-8487-4517-BB61-271F30F1599D}.Release|Any CPU.Build.0 = Release|Any CPU
		{3E1498E8-946C-4AE0-BF7F-C3E1D0BEBEB4}.Debug|Any CPU.ActiveCfg = Debug|Any CPU
		{3E1498E8-946C-4AE0-BF7F-C3E1D0BEBEB4}.Debug|Any CPU.Build.0 = Debug|Any CPU
		{3E1498E8-946C-4AE0-BF7F-C3E1D0BEBEB4}.Release|Any CPU.ActiveCfg = Release|Any CPU
		{3E1498E8-946C-4AE0-BF7F-C3E1D0BEBEB4}.Release|Any CPU.Build.0 = Release|Any CPU
		{023DEED7-7FDB-4FAA-BAF1-C758297FFC89}.Debug|Any CPU.ActiveCfg = Debug|Any CPU
		{023DEED7-7FDB-4FAA-BAF1-C758297FFC89}.Debug|Any CPU.Build.0 = Debug|Any CPU
		{023DEED7-7FDB-4FAA-BAF1-C758297FFC89}.Release|Any CPU.ActiveCfg = Release|Any CPU
		{023DEED7-7FDB-4FAA-BAF1-C758297FFC89}.Release|Any CPU.Build.0 = Release|Any CPU
		{CD57A131-65B9-4B73-9206-65AFB6A42C7D}.Debug|Any CPU.ActiveCfg = Debug|Any CPU
		{CD57A131-65B9-4B73-9206-65AFB6A42C7D}.Debug|Any CPU.Build.0 = Debug|Any CPU
		{CD57A131-65B9-4B73-9206-65AFB6A42C7D}.Release|Any CPU.ActiveCfg = Release|Any CPU
		{CD57A131-65B9-4B73-9206-65AFB6A42C7D}.Release|Any CPU.Build.0 = Release|Any CPU
		{9C53CD85-0749-40A8-BD52-2EDA06394F45}.Debug|Any CPU.ActiveCfg = Debug|Any CPU
		{9C53CD85-0749-40A8-BD52-2EDA06394F45}.Debug|Any CPU.Build.0 = Debug|Any CPU
		{9C53CD85-0749-40A8-BD52-2EDA06394F45}.Release|Any CPU.ActiveCfg = Release|Any CPU
		{9C53CD85-0749-40A8-BD52-2EDA06394F45}.Release|Any CPU.Build.0 = Release|Any CPU
		{D9028916-EBF0-47D3-8FF2-C14C8A9DE7E4}.Debug|Any CPU.ActiveCfg = Debug|Any CPU
		{D9028916-EBF0-47D3-8FF2-C14C8A9DE7E4}.Debug|Any CPU.Build.0 = Debug|Any CPU
		{D9028916-EBF0-47D3-8FF2-C14C8A9DE7E4}.Release|Any CPU.ActiveCfg = Release|Any CPU
		{D9028916-EBF0-47D3-8FF2-C14C8A9DE7E4}.Release|Any CPU.Build.0 = Release|Any CPU
		{527BA974-F577-43CF-9B5C-FF43FBA5EEAB}.Debug|Any CPU.ActiveCfg = Debug|Any CPU
		{527BA974-F577-43CF-9B5C-FF43FBA5EEAB}.Debug|Any CPU.Build.0 = Debug|Any CPU
		{527BA974-F577-43CF-9B5C-FF43FBA5EEAB}.Release|Any CPU.ActiveCfg = Release|Any CPU
		{527BA974-F577-43CF-9B5C-FF43FBA5EEAB}.Release|Any CPU.Build.0 = Release|Any CPU
		{107A8275-759B-44BF-B2D3-FEA4D073D489}.Debug|Any CPU.ActiveCfg = Debug|Any CPU
		{107A8275-759B-44BF-B2D3-FEA4D073D489}.Debug|Any CPU.Build.0 = Debug|Any CPU
		{107A8275-759B-44BF-B2D3-FEA4D073D489}.Release|Any CPU.ActiveCfg = Release|Any CPU
		{107A8275-759B-44BF-B2D3-FEA4D073D489}.Release|Any CPU.Build.0 = Release|Any CPU
		{9077E6D6-CB4F-4D32-B3C8-901AAFDD70C7}.Debug|Any CPU.ActiveCfg = Debug|Any CPU
		{9077E6D6-CB4F-4D32-B3C8-901AAFDD70C7}.Debug|Any CPU.Build.0 = Debug|Any CPU
		{9077E6D6-CB4F-4D32-B3C8-901AAFDD70C7}.Release|Any CPU.ActiveCfg = Release|Any CPU
		{9077E6D6-CB4F-4D32-B3C8-901AAFDD70C7}.Release|Any CPU.Build.0 = Release|Any CPU
		{5AD8317D-11A0-4D7F-94F1-09862A1F4C5D}.Debug|Any CPU.ActiveCfg = Debug|Any CPU
		{5AD8317D-11A0-4D7F-94F1-09862A1F4C5D}.Debug|Any CPU.Build.0 = Debug|Any CPU
		{5AD8317D-11A0-4D7F-94F1-09862A1F4C5D}.Release|Any CPU.ActiveCfg = Release|Any CPU
		{5AD8317D-11A0-4D7F-94F1-09862A1F4C5D}.Release|Any CPU.Build.0 = Release|Any CPU
		{A5FB0E61-25DD-4875-8185-A16ADEC95F49}.Debug|Any CPU.ActiveCfg = Debug|Any CPU
		{A5FB0E61-25DD-4875-8185-A16ADEC95F49}.Debug|Any CPU.Build.0 = Debug|Any CPU
		{A5FB0E61-25DD-4875-8185-A16ADEC95F49}.Release|Any CPU.ActiveCfg = Release|Any CPU
		{A5FB0E61-25DD-4875-8185-A16ADEC95F49}.Release|Any CPU.Build.0 = Release|Any CPU
		{A01C345F-AE6E-4448-806F-96868CA4DEA3}.Debug|Any CPU.ActiveCfg = Debug|Any CPU
		{A01C345F-AE6E-4448-806F-96868CA4DEA3}.Debug|Any CPU.Build.0 = Debug|Any CPU
		{A01C345F-AE6E-4448-806F-96868CA4DEA3}.Release|Any CPU.ActiveCfg = Release|Any CPU
		{A01C345F-AE6E-4448-806F-96868CA4DEA3}.Release|Any CPU.Build.0 = Release|Any CPU
		{BD3DF8B9-6F80-4B92-B6DC-3C7D960D7B7B}.Debug|Any CPU.ActiveCfg = Debug|Any CPU
		{BD3DF8B9-6F80-4B92-B6DC-3C7D960D7B7B}.Debug|Any CPU.Build.0 = Debug|Any CPU
		{BD3DF8B9-6F80-4B92-B6DC-3C7D960D7B7B}.Release|Any CPU.ActiveCfg = Release|Any CPU
		{BD3DF8B9-6F80-4B92-B6DC-3C7D960D7B7B}.Release|Any CPU.Build.0 = Release|Any CPU
	EndGlobalSection
	GlobalSection(SolutionProperties) = preSolution
		HideSolutionNode = FALSE
	EndGlobalSection
	GlobalSection(ExtensibilityGlobals) = postSolution
		SolutionGuid = {9D6AD9E5-1C00-4040-A0D2-E02D808617EE}
	EndGlobalSection
EndGlobal
