
Microsoft Visual Studio Solution File, Format Version 12.00
# Visual Studio Version 16
VisualStudioVersion = 16.0.29324.140
MinimumVisualStudioVersion = 10.0.40219.1
Project("{FAE04EC0-301F-11D3-BF4B-00C04F79EFBC}") = "CompanyApp", "CompanyApp\CompanyApp.csproj", "{04BA69D7-86D3-4187-8D8F-29AB6263EF1A}"
EndProject
Global
	GlobalSection(SolutionConfigurationPlatforms) = preSolution
		Debug|Any CPU = Debug|Any CPU
		Release|Any CPU = Release|Any CPU
	EndGlobalSection
	GlobalSection(ProjectConfigurationPlatforms) = postSolution
		{04BA69D7-86D3-4187-8D8F-29AB6263EF1A}.Debug|Any CPU.ActiveCfg = Debug|Any CPU
		{04BA69D7-86D3-4187-8D8F-29AB6263EF1A}.Debug|Any CPU.Build.0 = Debug|Any CPU
		{04BA69D7-86D3-4187-8D8F-29AB6263EF1A}.Release|Any CPU.ActiveCfg = Release|Any CPU
		{04BA69D7-86D3-4187-8D8F-29AB6263EF1A}.Release|Any CPU.Build.0 = Release|Any CPU
	EndGlobalSection
	GlobalSection(SolutionProperties) = preSolution
		HideSolutionNode = FALSE
	EndGlobalSection
	GlobalSection(ExtensibilityGlobals) = postSolution
		SolutionGuid = {31354205-534D-491B-B8D4-66B6E4CD3675}
	EndGlobalSection
EndGlobal
