
Microsoft Visual Studio Solution File, Format Version 12.00
# Visual Studio Version 16
VisualStudioVersion = 16.0.29215.179
MinimumVisualStudioVersion = 10.0.40219.1
Project("{9A19103F-16F7-4668-BE54-9A1E7A4F7556}") = "ConsoleApp1", "ConsoleApp1\ConsoleApp1.csproj", "{FD5536ED-790F-414C-B6DE-8C97887BA105}"
EndProject
Project("{FAE04EC0-301F-11D3-BF4B-00C04F79EFBC}") = "ConsoleApp2", "ConsoleApp2\ConsoleApp2.csproj", "{AF2A0C9A-8709-42FD-A3E8-7EEAC943CBF7}"
EndProject
Global
	GlobalSection(SolutionConfigurationPlatforms) = preSolution
		Debug|Any CPU = Debug|Any CPU
		Release|Any CPU = Release|Any CPU
	EndGlobalSection
	GlobalSection(ProjectConfigurationPlatforms) = postSolution
		{FD5536ED-790F-414C-B6DE-8C97887BA105}.Debug|Any CPU.ActiveCfg = Debug|Any CPU
		{FD5536ED-790F-414C-B6DE-8C97887BA105}.Debug|Any CPU.Build.0 = Debug|Any CPU
		{FD5536ED-790F-414C-B6DE-8C97887BA105}.Release|Any CPU.ActiveCfg = Release|Any CPU
		{FD5536ED-790F-414C-B6DE-8C97887BA105}.Release|Any CPU.Build.0 = Release|Any CPU
		{AF2A0C9A-8709-42FD-A3E8-7EEAC943CBF7}.Debug|Any CPU.ActiveCfg = Debug|Any CPU
		{AF2A0C9A-8709-42FD-A3E8-7EEAC943CBF7}.Debug|Any CPU.Build.0 = Debug|Any CPU
		{AF2A0C9A-8709-42FD-A3E8-7EEAC943CBF7}.Release|Any CPU.ActiveCfg = Release|Any CPU
		{AF2A0C9A-8709-42FD-A3E8-7EEAC943CBF7}.Release|Any CPU.Build.0 = Release|Any CPU
	EndGlobalSection
	GlobalSection(SolutionProperties) = preSolution
		HideSolutionNode = FALSE
	EndGlobalSection
	GlobalSection(ExtensibilityGlobals) = postSolution
		SolutionGuid = {630F90EA-159C-4888-B326-0C4D12823E65}
	EndGlobalSection
EndGlobal
